
Microsoft Visual Studio Solution File, Format Version 12.00
# Visual Studio Version 17
VisualStudioVersion = 17.0.31903.59
MinimumVisualStudioVersion = 10.0.40219.1
Project("{FAE04EC0-301F-11D3-BF4B-00C04F79EFBC}") = "PdfReader", "PdfReader.csproj", "{1A77D262-ABD2-4338-BE09-77D79DE5FB4A}"
EndProject
Project("{FAE04EC0-301F-11D3-BF4B-00C04F79EFBC}") = "PdfReader.Tests", "PdfReader.Tests\PdfReader.Tests.csproj", "{3BEF8DA1-669E-4268-8298-F1DE9EA85307}"
EndProject
Global
	GlobalSection(SolutionConfigurationPlatforms) = preSolution
		Debug|Any CPU = Debug|Any CPU
		Debug|x64 = Debug|x64
		Debug|x86 = Debug|x86
		Release|Any CPU = Release|Any CPU
		Release|x64 = Release|x64
		Release|x86 = Release|x86
	EndGlobalSection
	GlobalSection(ProjectConfigurationPlatforms) = postSolution
		{1A77D262-ABD2-4338-BE09-77D79DE5FB4A}.Debug|Any CPU.ActiveCfg = Debug|Any CPU
		{1A77D262-ABD2-4338-BE09-77D79DE5FB4A}.Debug|Any CPU.Build.0 = Debug|Any CPU
		{1A77D262-ABD2-4338-BE09-77D79DE5FB4A}.Debug|x64.ActiveCfg = Debug|Any CPU
		{1A77D262-ABD2-4338-BE09-77D79DE5FB4A}.Debug|x64.Build.0 = Debug|Any CPU
		{1A77D262-ABD2-4338-BE09-77D79DE5FB4A}.Debug|x86.ActiveCfg = Debug|Any CPU
		{1A77D262-ABD2-4338-BE09-77D79DE5FB4A}.Debug|x86.Build.0 = Debug|Any CPU
		{1A77D262-ABD2-4338-BE09-77D79DE5FB4A}.Release|Any CPU.ActiveCfg = Release|Any CPU
		{1A77D262-ABD2-4338-BE09-77D79DE5FB4A}.Release|Any CPU.Build.0 = Release|Any CPU
		{1A77D262-ABD2-4338-BE09-77D79DE5FB4A}.Release|x64.ActiveCfg = Release|Any CPU
		{1A77D262-ABD2-4338-BE09-77D79DE5FB4A}.Release|x64.Build.0 = Release|Any CPU
		{1A77D262-ABD2-4338-BE09-77D79DE5FB4A}.Release|x86.ActiveCfg = Release|Any CPU
		{1A77D262-ABD2-4338-BE09-77D79DE5FB4A}.Release|x86.Build.0 = Release|Any CPU
		{3BEF8DA1-669E-4268-8298-F1DE9EA85307}.Debug|Any CPU.ActiveCfg = Debug|Any CPU
		{3BEF8DA1-669E-4268-8298-F1DE9EA85307}.Debug|Any CPU.Build.0 = Debug|Any CPU
		{3BEF8DA1-669E-4268-8298-F1DE9EA85307}.Debug|x64.ActiveCfg = Debug|Any CPU
		{3BEF8DA1-669E-4268-8298-F1DE9EA85307}.Debug|x64.Build.0 = Debug|Any CPU
		{3BEF8DA1-669E-4268-8298-F1DE9EA85307}.Debug|x86.ActiveCfg = Debug|Any CPU
		{3BEF8DA1-669E-4268-8298-F1DE9EA85307}.Debug|x86.Build.0 = Debug|Any CPU
		{3BEF8DA1-669E-4268-8298-F1DE9EA85307}.Release|Any CPU.ActiveCfg = Release|Any CPU
		{3BEF8DA1-669E-4268-8298-F1DE9EA85307}.Release|Any CPU.Build.0 = Release|Any CPU
		{3BEF8DA1-669E-4268-8298-F1DE9EA85307}.Release|x64.ActiveCfg = Release|Any CPU
		{3BEF8DA1-669E-4268-8298-F1DE9EA85307}.Release|x64.Build.0 = Release|Any CPU
		{3BEF8DA1-669E-4268-8298-F1DE9EA85307}.Release|x86.ActiveCfg = Release|Any CPU
		{3BEF8DA1-669E-4268-8298-F1DE9EA85307}.Release|x86.Build.0 = Release|Any CPU
	EndGlobalSection
	GlobalSection(SolutionProperties) = preSolution
		HideSolutionNode = FALSE
	EndGlobalSection
EndGlobal
